
Microsoft Visual Studio Solution File, Format Version 12.00
# Visual Studio Version 17
VisualStudioVersion = 17.4.33403.182
MinimumVisualStudioVersion = 10.0.40219.1
Project("{8BC9CEB8-8B4A-11D0-8D11-00A0C91BC942}") = "ConstructorInitializations", "ConstructorInitializations\ConstructorInitializations.vcxproj", "{AE7A6960-8F60-483B-BE69-633202B48338}"
EndProject
Global
	GlobalSection(SolutionConfigurationPlatforms) = preSolution
		Debug|x64 = Debug|x64
		Debug|x86 = Debug|x86
		Release|x64 = Release|x64
		Release|x86 = Release|x86
	EndGlobalSection
	GlobalSection(ProjectConfigurationPlatforms) = postSolution
		{AE7A6960-8F60-483B-BE69-633202B48338}.Debug|x64.ActiveCfg = Debug|x64
		{AE7A6960-8F60-483B-BE69-633202B48338}.Debug|x64.Build.0 = Debug|x64
		{AE7A6960-8F60-483B-BE69-633202B48338}.Debug|x86.ActiveCfg = Debug|Win32
		{AE7A6960-8F60-483B-BE69-633202B48338}.Debug|x86.Build.0 = Debug|Win32
		{AE7A6960-8F60-483B-BE69-633202B48338}.Release|x64.ActiveCfg = Release|x64
		{AE7A6960-8F60-483B-BE69-633202B48338}.Release|x64.Build.0 = Release|x64
		{AE7A6960-8F60-483B-BE69-633202B48338}.Release|x86.ActiveCfg = Release|Win32
		{AE7A6960-8F60-483B-BE69-633202B48338}.Release|x86.Build.0 = Release|Win32
	EndGlobalSection
	GlobalSection(SolutionProperties) = preSolution
		HideSolutionNode = FALSE
	EndGlobalSection
	GlobalSection(ExtensibilityGlobals) = postSolution
		SolutionGuid = {6CDE9A15-659E-4690-BA8C-9C21E98C5942}
	EndGlobalSection
EndGlobal
