
Microsoft Visual Studio Solution File, Format Version 12.00
# Visual Studio Version 17
VisualStudioVersion = 17.4.33213.308
MinimumVisualStudioVersion = 10.0.40219.1
Project("{8BC9CEB8-8B4A-11D0-8D11-00A0C91BC942}") = "roomPrise", "roomPrise\roomPrise.vcxproj", "{9347C1CA-66D4-4908-8A60-1A7790C9DD05}"
EndProject
Global
	GlobalSection(SolutionConfigurationPlatforms) = preSolution
		Debug|x64 = Debug|x64
		Debug|x86 = Debug|x86
		Release|x64 = Release|x64
		Release|x86 = Release|x86
	EndGlobalSection
	GlobalSection(ProjectConfigurationPlatforms) = postSolution
		{9347C1CA-66D4-4908-8A60-1A7790C9DD05}.Debug|x64.ActiveCfg = Debug|x64
		{9347C1CA-66D4-4908-8A60-1A7790C9DD05}.Debug|x64.Build.0 = Debug|x64
		{9347C1CA-66D4-4908-8A60-1A7790C9DD05}.Debug|x86.ActiveCfg = Debug|Win32
		{9347C1CA-66D4-4908-8A60-1A7790C9DD05}.Debug|x86.Build.0 = Debug|Win32
		{9347C1CA-66D4-4908-8A60-1A7790C9DD05}.Release|x64.ActiveCfg = Release|x64
		{9347C1CA-66D4-4908-8A60-1A7790C9DD05}.Release|x64.Build.0 = Release|x64
		{9347C1CA-66D4-4908-8A60-1A7790C9DD05}.Release|x86.ActiveCfg = Release|Win32
		{9347C1CA-66D4-4908-8A60-1A7790C9DD05}.Release|x86.Build.0 = Release|Win32
	EndGlobalSection
	GlobalSection(SolutionProperties) = preSolution
		HideSolutionNode = FALSE
	EndGlobalSection
	GlobalSection(ExtensibilityGlobals) = postSolution
		SolutionGuid = {991A6A97-76B8-438F-B1C1-84BC99E43DC5}
	EndGlobalSection
EndGlobal
